
Microsoft Visual Studio Solution File, Format Version 12.00
# Visual Studio Version 17
VisualStudioVersion = 17.14.36603.0 d17.14
MinimumVisualStudioVersion = 10.0.40219.1
Project("{FAE04EC0-301F-11D3-BF4B-00C04F79EFBC}") = "TypesAndClasses", "TypesAndClasses\TypesAndClasses.csproj", "{100A08C7-EFB1-4388-9C58-BBB1F4130774}"
EndProject
Global
	GlobalSection(SolutionConfigurationPlatforms) = preSolution
		Debug|Any CPU = Debug|Any CPU
		Release|Any CPU = Release|Any CPU
	EndGlobalSection
	GlobalSection(ProjectConfigurationPlatforms) = postSolution
		{100A08C7-EFB1-4388-9C58-BBB1F4130774}.Debug|Any CPU.ActiveCfg = Debug|Any CPU
		{100A08C7-EFB1-4388-9C58-BBB1F4130774}.Debug|Any CPU.Build.0 = Debug|Any CPU
		{100A08C7-EFB1-4388-9C58-BBB1F4130774}.Release|Any CPU.ActiveCfg = Release|Any CPU
		{100A08C7-EFB1-4388-9C58-BBB1F4130774}.Release|Any CPU.Build.0 = Release|Any CPU
	EndGlobalSection
	GlobalSection(SolutionProperties) = preSolution
		HideSolutionNode = FALSE
	EndGlobalSection
	GlobalSection(ExtensibilityGlobals) = postSolution
		SolutionGuid = {B766AB26-9A0C-4AE8-9CC8-E66F1BA0142F}
	EndGlobalSection
EndGlobal
