
Microsoft Visual Studio Solution File, Format Version 12.00
# Visual Studio Version 17
VisualStudioVersion = 17.13.35931.197 d17.13
MinimumVisualStudioVersion = 10.0.40219.1
Project("{FAE04EC0-301F-11D3-BF4B-00C04F79EFBC}") = "Math", "Math.csproj", "{7C8B0A2B-A89D-4651-B1C9-04A02C61A2F1}"
EndProject
Global
	GlobalSection(SolutionConfigurationPlatforms) = preSolution
		Debug|Any CPU = Debug|Any CPU
		Release|Any CPU = Release|Any CPU
	EndGlobalSection
	GlobalSection(ProjectConfigurationPlatforms) = postSolution
		{7C8B0A2B-A89D-4651-B1C9-04A02C61A2F1}.Debug|Any CPU.ActiveCfg = Debug|Any CPU
		{7C8B0A2B-A89D-4651-B1C9-04A02C61A2F1}.Debug|Any CPU.Build.0 = Debug|Any CPU
		{7C8B0A2B-A89D-4651-B1C9-04A02C61A2F1}.Release|Any CPU.ActiveCfg = Release|Any CPU
		{7C8B0A2B-A89D-4651-B1C9-04A02C61A2F1}.Release|Any CPU.Build.0 = Release|Any CPU
	EndGlobalSection
	GlobalSection(SolutionProperties) = preSolution
		HideSolutionNode = FALSE
	EndGlobalSection
	GlobalSection(ExtensibilityGlobals) = postSolution
		SolutionGuid = {8EBA01D8-D731-45BC-94C6-4694B32C2869}
	EndGlobalSection
EndGlobal
