
Microsoft Visual Studio Solution File, Format Version 12.00
# Visual Studio Version 17
VisualStudioVersion = 17.14.36203.30 d17.14
MinimumVisualStudioVersion = 10.0.40219.1
Project("{FAE04EC0-301F-11D3-BF4B-00C04F79EFBC}") = "Families", "Families\Families.csproj", "{92EE6CB4-5D0C-4602-B91F-306FBD658FEE}"
EndProject
Project("{FAE04EC0-301F-11D3-BF4B-00C04F79EFBC}") = "Tests", "Tests\Tests.csproj", "{DA64D8C4-127C-46AB-8FD7-67945BBC95B0}"
EndProject
Global
	GlobalSection(SolutionConfigurationPlatforms) = preSolution
		Debug|Any CPU = Debug|Any CPU
		Release|Any CPU = Release|Any CPU
	EndGlobalSection
	GlobalSection(ProjectConfigurationPlatforms) = postSolution
		{92EE6CB4-5D0C-4602-B91F-306FBD658FEE}.Debug|Any CPU.ActiveCfg = Debug|Any CPU
		{92EE6CB4-5D0C-4602-B91F-306FBD658FEE}.Debug|Any CPU.Build.0 = Debug|Any CPU
		{92EE6CB4-5D0C-4602-B91F-306FBD658FEE}.Release|Any CPU.ActiveCfg = Release|Any CPU
		{92EE6CB4-5D0C-4602-B91F-306FBD658FEE}.Release|Any CPU.Build.0 = Release|Any CPU
		{DA64D8C4-127C-46AB-8FD7-67945BBC95B0}.Debug|Any CPU.ActiveCfg = Debug|Any CPU
		{DA64D8C4-127C-46AB-8FD7-67945BBC95B0}.Debug|Any CPU.Build.0 = Debug|Any CPU
		{DA64D8C4-127C-46AB-8FD7-67945BBC95B0}.Release|Any CPU.ActiveCfg = Release|Any CPU
		{DA64D8C4-127C-46AB-8FD7-67945BBC95B0}.Release|Any CPU.Build.0 = Release|Any CPU
	EndGlobalSection
	GlobalSection(SolutionProperties) = preSolution
		HideSolutionNode = FALSE
	EndGlobalSection
	GlobalSection(ExtensibilityGlobals) = postSolution
		SolutionGuid = {84776041-77B1-436C-941B-78B44C925D71}
	EndGlobalSection
EndGlobal
