
Microsoft Visual Studio Solution File, Format Version 12.00
# Visual Studio Version 17
VisualStudioVersion = 17.13.35825.156 d17.13
MinimumVisualStudioVersion = 10.0.40219.1
Project("{FAE04EC0-301F-11D3-BF4B-00C04F79EFBC}") = "StructsAndRecords", "StructsAndRecords.csproj", "{77F69375-80B6-4A43-966A-7DDC1AF97519}"
EndProject
Global
	GlobalSection(SolutionConfigurationPlatforms) = preSolution
		Debug|Any CPU = Debug|Any CPU
		Release|Any CPU = Release|Any CPU
	EndGlobalSection
	GlobalSection(ProjectConfigurationPlatforms) = postSolution
		{77F69375-80B6-4A43-966A-7DDC1AF97519}.Debug|Any CPU.ActiveCfg = Debug|Any CPU
		{77F69375-80B6-4A43-966A-7DDC1AF97519}.Debug|Any CPU.Build.0 = Debug|Any CPU
		{77F69375-80B6-4A43-966A-7DDC1AF97519}.Release|Any CPU.ActiveCfg = Release|Any CPU
		{77F69375-80B6-4A43-966A-7DDC1AF97519}.Release|Any CPU.Build.0 = Release|Any CPU
	EndGlobalSection
	GlobalSection(SolutionProperties) = preSolution
		HideSolutionNode = FALSE
	EndGlobalSection
	GlobalSection(ExtensibilityGlobals) = postSolution
		SolutionGuid = {C123BFC1-D8C7-411B-BC8E-C8A98113E24D}
	EndGlobalSection
EndGlobal
